
Microsoft Visual Studio Solution File, Format Version 12.00
# Visual Studio 15
VisualStudioVersion = 15.0.27004.2009
MinimumVisualStudioVersion = 10.0.40219.1
Project("{9A19103F-16F7-4668-BE54-9A1E7A4F7556}") = "VBL.Data", "VBL.Data\VBL.Data.csproj", "{10D37C5D-0092-4468-89EB-B09DF1988F34}"
EndProject
Project("{9A19103F-16F7-4668-BE54-9A1E7A4F7556}") = "VBL.Api", "VBL.Api\VBL.Api.csproj", "{FC770F92-D746-4FCC-8F65-CFB507407877}"
EndProject
Project("{9A19103F-16F7-4668-BE54-9A1E7A4F7556}") = "VBL.Data.Mapping", "VBL.Data.Mapping\VBL.Data.Mapping.csproj", "{3679D2A1-2D15-4443-A483-05C4929A6855}"
EndProject
Project("{FAE04EC0-301F-11D3-BF4B-00C04F79EFBC}") = "VBL.Core", "VBL.Core\VBL.Core.csproj", "{59A4DB64-CA24-4F23-B27C-D4BE78ACDF8D}"
EndProject
Global
	GlobalSection(SolutionConfigurationPlatforms) = preSolution
		Debug|Any CPU = Debug|Any CPU
		Release|Any CPU = Release|Any CPU
	EndGlobalSection
	GlobalSection(ProjectConfigurationPlatforms) = postSolution
		{10D37C5D-0092-4468-89EB-B09DF1988F34}.Debug|Any CPU.ActiveCfg = Debug|Any CPU
		{10D37C5D-0092-4468-89EB-B09DF1988F34}.Debug|Any CPU.Build.0 = Debug|Any CPU
		{10D37C5D-0092-4468-89EB-B09DF1988F34}.Release|Any CPU.ActiveCfg = Release|Any CPU
		{10D37C5D-0092-4468-89EB-B09DF1988F34}.Release|Any CPU.Build.0 = Release|Any CPU
		{FC770F92-D746-4FCC-8F65-CFB507407877}.Debug|Any CPU.ActiveCfg = Debug|Any CPU
		{FC770F92-D746-4FCC-8F65-CFB507407877}.Debug|Any CPU.Build.0 = Debug|Any CPU
		{FC770F92-D746-4FCC-8F65-CFB507407877}.Release|Any CPU.ActiveCfg = Release|Any CPU
		{FC770F92-D746-4FCC-8F65-CFB507407877}.Release|Any CPU.Build.0 = Release|Any CPU
		{3679D2A1-2D15-4443-A483-05C4929A6855}.Debug|Any CPU.ActiveCfg = Debug|Any CPU
		{3679D2A1-2D15-4443-A483-05C4929A6855}.Debug|Any CPU.Build.0 = Debug|Any CPU
		{3679D2A1-2D15-4443-A483-05C4929A6855}.Release|Any CPU.ActiveCfg = Release|Any CPU
		{3679D2A1-2D15-4443-A483-05C4929A6855}.Release|Any CPU.Build.0 = Release|Any CPU
		{59A4DB64-CA24-4F23-B27C-D4BE78ACDF8D}.Debug|Any CPU.ActiveCfg = Debug|Any CPU
		{59A4DB64-CA24-4F23-B27C-D4BE78ACDF8D}.Debug|Any CPU.Build.0 = Debug|Any CPU
		{59A4DB64-CA24-4F23-B27C-D4BE78ACDF8D}.Release|Any CPU.ActiveCfg = Release|Any CPU
		{59A4DB64-CA24-4F23-B27C-D4BE78ACDF8D}.Release|Any CPU.Build.0 = Release|Any CPU
	EndGlobalSection
	GlobalSection(SolutionProperties) = preSolution
		HideSolutionNode = FALSE
	EndGlobalSection
	GlobalSection(ExtensibilityGlobals) = postSolution
		SolutionGuid = {AA6B8E19-E776-4C39-B46E-6AD2892ABD56}
	EndGlobalSection
EndGlobal
